
Microsoft Visual Studio Solution File, Format Version 12.00
# Visual Studio Version 17
VisualStudioVersion = 17.3.32819.101
MinimumVisualStudioVersion = 10.0.40219.1
Project("{FAE04EC0-301F-11D3-BF4B-00C04F79EFBC}") = "Iniciante5_SalarioReajuste", "Iniciante5_SalarioReajuste\Iniciante5_SalarioReajuste.csproj", "{A466B073-BF5A-44CC-A014-ECF32E2439A4}"
EndProject
Global
	GlobalSection(SolutionConfigurationPlatforms) = preSolution
		Debug|Any CPU = Debug|Any CPU
		Release|Any CPU = Release|Any CPU
	EndGlobalSection
	GlobalSection(ProjectConfigurationPlatforms) = postSolution
		{A466B073-BF5A-44CC-A014-ECF32E2439A4}.Debug|Any CPU.ActiveCfg = Debug|Any CPU
		{A466B073-BF5A-44CC-A014-ECF32E2439A4}.Debug|Any CPU.Build.0 = Debug|Any CPU
		{A466B073-BF5A-44CC-A014-ECF32E2439A4}.Release|Any CPU.ActiveCfg = Release|Any CPU
		{A466B073-BF5A-44CC-A014-ECF32E2439A4}.Release|Any CPU.Build.0 = Release|Any CPU
	EndGlobalSection
	GlobalSection(SolutionProperties) = preSolution
		HideSolutionNode = FALSE
	EndGlobalSection
	GlobalSection(ExtensibilityGlobals) = postSolution
		SolutionGuid = {A36A2807-B85D-4A29-9D34-DFAA0BD1AB96}
	EndGlobalSection
EndGlobal
